{
  "version": 4,
  "terraform_version": "0.12.24",
  "serial": 13,
  "lineage": "a8c6a253-5abc-5ad3-6afd-fd2c66d1d01c",
  "outputs": {
    "endpoint": {
      "value": "https://5A7E2B7E2DAE26B3DF5C9724282B3FEC.gr7.us-east-1.eks.amazonaws.com",
      "type": "string"
    },
    "kubeconfig-certificate-authority-data": {
      "value": "LS0tLS1CRUdJTiBDRVJUSUZJQ0FURS0tLS0tCk1JSUM1ekNDQWMrZ0F3SUJBZ0lCQURBTkJna3Foa2lHOXcwQkFRc0ZBREFWTVJNd0VRWURWUVFERXdwcmRXSmwKY201bGRHVnpNQjRYRFRJeE1Ea3dOakF5TVRJek1Gb1hEVE14TURrd05EQXlNVEl6TUZvd0ZURVRNQkVHQTFVRQpBeE1LYTNWaVpYSnVaWFJsY3pDQ0FTSXdEUVlKS29aSWh2Y05BUUVCQlFBRGdnRVBBRENDQVFvQ2dnRUJBTFZaCmlOMGVEeUsvODF4TWRFYmdlbnUxWG03SU1SOEdtNHZBZWZlRGEyaFMrV3gwRnhYWWtXSjd4SUx4WnMybE5wYisKY3BDOXpVVlYxL3o4RnQ5RVRtZHkrMWlIbFVrQmZUN3dObjRvdVRYbGJKVUJvNnFMYlZKT0YzVjZMcXdjcUxmSgo1cmJNa291cEM3SFpsQVA4Q0dEaGxiSzJ2cGl1U0ozTjlqdXUrOFkweUVrZU90UmdEbHFZeEthMlJaU09YRVoxClRwU0Q2alZVU3I3aWtCNkNScTNZelhYVVR3eFJ5amYvTiszMEh3RG9BUXR2emt1cFhwbnBQVlhvWnhTeVdDcEMKZGxHYVIyN2N1cUVuT2ZaZGNjUk1NNGhpcUtqd0pPYmlXdlVNb3hIS2V0cUMrOW9qZlU3blFObnNxamR6RWRDWgp6OTZPWUVveE1jZVFqQ1JzLzZjQ0F3RUFBYU5DTUVBd0RnWURWUjBQQVFIL0JBUURBZ0trTUE4R0ExVWRFd0VCCi93UUZNQU1CQWY4d0hRWURWUjBPQkJZRUZQZ1FjWktIVkpEWFptOElobzR6YVNSQWdqY29NQTBHQ1NxR1NJYjMKRFFFQkN3VUFBNElCQVFBaGxtbTF0c01xa01STXl2RUJxeVk5WWlBU2dxT3J5REhWWCtkUDl0U01LS1pXZUpRdAp5aWw0ZFFqcDBaS3YycVFMOS9aWVNwQVdXQ0RiRktYOGRHdWhqaDVxMnR0TFVPci91aFRzdWJlN0ltMWp5T0pQClNaSHp6VFM2dldrek1vSU1nZUF6dXJLcndBN2w2bDdZc1kxOVNBcm5aQ0o5MWFTNnJDcFZ3cXdqajBKTnZHK1EKaHBkVlNXMlJPTlUvemY5ZFMxaGpSSWdHdzFram1vbTcxdWVRbysrUnhtYStkS0l2VTVDb2VUemVuNGFuYmdMSQp6MzhORC9PQXpvTjBQaVdoRGpOQlJ5NUFqdVdqZVBrRHNkSjVzVEREK0liLzJMUGEzYXJaMmhBdXBPdktUZXYxCkJtWTluMHJHaFFTbklSRFhTbTZCQVFNYmIzSTY3eWNocHBjUgotLS0tLUVORCBDRVJUSUZJQ0FURS0tLS0tCg==",
      "type": "string"
    }
  },
  "resources": [
    {
      "mode": "managed",
      "type": "aws_eks_cluster",
      "name": "example",
      "provider": "provider.aws",
      "instances": [
        {
          "schema_version": 0,
          "attributes": {
            "arn": "arn:aws:eks:us-east-1:557614677746:cluster/example",
            "certificate_authority": [
              {
                "data": "LS0tLS1CRUdJTiBDRVJUSUZJQ0FURS0tLS0tCk1JSUM1ekNDQWMrZ0F3SUJBZ0lCQURBTkJna3Foa2lHOXcwQkFRc0ZBREFWTVJNd0VRWURWUVFERXdwcmRXSmwKY201bGRHVnpNQjRYRFRJeE1Ea3dOakF5TVRJek1Gb1hEVE14TURrd05EQXlNVEl6TUZvd0ZURVRNQkVHQTFVRQpBeE1LYTNWaVpYSnVaWFJsY3pDQ0FTSXdEUVlKS29aSWh2Y05BUUVCQlFBRGdnRVBBRENDQVFvQ2dnRUJBTFZaCmlOMGVEeUsvODF4TWRFYmdlbnUxWG03SU1SOEdtNHZBZWZlRGEyaFMrV3gwRnhYWWtXSjd4SUx4WnMybE5wYisKY3BDOXpVVlYxL3o4RnQ5RVRtZHkrMWlIbFVrQmZUN3dObjRvdVRYbGJKVUJvNnFMYlZKT0YzVjZMcXdjcUxmSgo1cmJNa291cEM3SFpsQVA4Q0dEaGxiSzJ2cGl1U0ozTjlqdXUrOFkweUVrZU90UmdEbHFZeEthMlJaU09YRVoxClRwU0Q2alZVU3I3aWtCNkNScTNZelhYVVR3eFJ5amYvTiszMEh3RG9BUXR2emt1cFhwbnBQVlhvWnhTeVdDcEMKZGxHYVIyN2N1cUVuT2ZaZGNjUk1NNGhpcUtqd0pPYmlXdlVNb3hIS2V0cUMrOW9qZlU3blFObnNxamR6RWRDWgp6OTZPWUVveE1jZVFqQ1JzLzZjQ0F3RUFBYU5DTUVBd0RnWURWUjBQQVFIL0JBUURBZ0trTUE4R0ExVWRFd0VCCi93UUZNQU1CQWY4d0hRWURWUjBPQkJZRUZQZ1FjWktIVkpEWFptOElobzR6YVNSQWdqY29NQTBHQ1NxR1NJYjMKRFFFQkN3VUFBNElCQVFBaGxtbTF0c01xa01STXl2RUJxeVk5WWlBU2dxT3J5REhWWCtkUDl0U01LS1pXZUpRdAp5aWw0ZFFqcDBaS3YycVFMOS9aWVNwQVdXQ0RiRktYOGRHdWhqaDVxMnR0TFVPci91aFRzdWJlN0ltMWp5T0pQClNaSHp6VFM2dldrek1vSU1nZUF6dXJLcndBN2w2bDdZc1kxOVNBcm5aQ0o5MWFTNnJDcFZ3cXdqajBKTnZHK1EKaHBkVlNXMlJPTlUvemY5ZFMxaGpSSWdHdzFram1vbTcxdWVRbysrUnhtYStkS0l2VTVDb2VUemVuNGFuYmdMSQp6MzhORC9PQXpvTjBQaVdoRGpOQlJ5NUFqdVdqZVBrRHNkSjVzVEREK0liLzJMUGEzYXJaMmhBdXBPdktUZXYxCkJtWTluMHJHaFFTbklSRFhTbTZCQVFNYmIzSTY3eWNocHBjUgotLS0tLUVORCBDRVJUSUZJQ0FURS0tLS0tCg=="
              }
            ],
            "created_at": "2021-09-06 02:05:24 +0000 UTC",
            "enabled_cluster_log_types": [],
            "encryption_config": [],
            "endpoint": "https://5A7E2B7E2DAE26B3DF5C9724282B3FEC.gr7.us-east-1.eks.amazonaws.com",
            "id": "example",
            "identity": [
              {
                "oidc": [
                  {
                    "issuer": "https://oidc.eks.us-east-1.amazonaws.com/id/5A7E2B7E2DAE26B3DF5C9724282B3FEC"
                  }
                ]
              }
            ],
            "name": "example",
            "platform_version": "eks.2",
            "role_arn": "arn:aws:iam::557614677746:role/eks-cluster-example",
            "status": "ACTIVE",
            "tags": {},
            "timeouts": null,
            "version": "1.20",
            "vpc_config": [
              {
                "cluster_security_group_id": "sg-00645f715abf85c23",
                "endpoint_private_access": false,
                "endpoint_public_access": true,
                "public_access_cidrs": [
                  "0.0.0.0/0"
                ],
                "security_group_ids": [],
                "subnet_ids": [
                  "subnet-27f23341",
                  "subnet-b02abbfd"
                ],
                "vpc_id": "vpc-7d312c07"
              }
            ]
          },
          "private": "eyJlMmJmYjczMC1lY2FhLTExZTYtOGY4OC0zNDM2M2JjN2M0YzAiOnsiY3JlYXRlIjoxODAwMDAwMDAwMDAwLCJkZWxldGUiOjkwMDAwMDAwMDAwMCwidXBkYXRlIjozNjAwMDAwMDAwMDAwfX0=",
          "dependencies": [
            "aws_iam_role.example",
            "aws_iam_role_policy_attachment.example-AmazonEKSClusterPolicy",
            "aws_iam_role_policy_attachment.example-AmazonEKSVPCResourceController"
          ]
        }
      ]
    },
    {
      "mode": "managed",
      "type": "aws_eks_node_group",
      "name": "example",
      "provider": "provider.aws",
      "instances": [
        {
          "schema_version": 0,
          "attributes": {
            "ami_type": "AL2_x86_64",
            "arn": "arn:aws:eks:us-east-1:557614677746:nodegroup/example/example_node/bebddc76-1226-1eaa-a1ec-9ca0dd6b18f7",
            "cluster_name": "example",
            "disk_size": 20,
            "id": "example:example_node",
            "instance_types": [
              "t3.medium"
            ],
            "labels": null,
            "node_group_name": "example_node",
            "node_role_arn": "arn:aws:iam::557614677746:role/eks-node-group-example",
            "release_version": "1.20.7-20210830",
            "remote_access": [],
            "resources": [
              {
                "autoscaling_groups": [
                  {
                    "name": "eks-bebddc76-1226-1eaa-a1ec-9ca0dd6b18f7"
                  }
                ],
                "remote_access_security_group_id": ""
              }
            ],
            "scaling_config": [
              {
                "desired_size": 1,
                "max_size": 1,
                "min_size": 1
              }
            ],
            "status": "ACTIVE",
            "subnet_ids": [
              "subnet-27f23341",
              "subnet-b02abbfd"
            ],
            "tags": null,
            "timeouts": null,
            "version": "1.20"
          },
          "private": "eyJlMmJmYjczMC1lY2FhLTExZTYtOGY4OC0zNDM2M2JjN2M0YzAiOnsiY3JlYXRlIjozNjAwMDAwMDAwMDAwLCJkZWxldGUiOjM2MDAwMDAwMDAwMDAsInVwZGF0ZSI6MzYwMDAwMDAwMDAwMH19",
          "dependencies": [
            "aws_eks_cluster.example",
            "aws_iam_role.example_node",
            "aws_iam_role_policy_attachment.example-AmazonEC2ContainerRegistryReadOnly",
            "aws_iam_role_policy_attachment.example-AmazonEKSWorkerNodePolicy",
            "aws_iam_role_policy_attachment.example-AmazonEKS_CNI_Policy"
          ]
        }
      ]
    },
    {
      "mode": "managed",
      "type": "aws_iam_role",
      "name": "example",
      "provider": "provider.aws",
      "instances": [
        {
          "schema_version": 0,
          "attributes": {
            "arn": "arn:aws:iam::557614677746:role/eks-cluster-example",
            "assume_role_policy": "{\"Version\":\"2012-10-17\",\"Statement\":[{\"Effect\":\"Allow\",\"Principal\":{\"Service\":\"eks.amazonaws.com\"},\"Action\":\"sts:AssumeRole\"}]}",
            "create_date": "2021-09-06T02:05:22Z",
            "description": "",
            "force_detach_policies": false,
            "id": "eks-cluster-example",
            "max_session_duration": 3600,
            "name": "eks-cluster-example",
            "name_prefix": null,
            "path": "/",
            "permissions_boundary": null,
            "tags": {},
            "unique_id": "AROAYDVDMX3ZMANOV6Z55"
          },
          "private": "bnVsbA=="
        }
      ]
    },
    {
      "mode": "managed",
      "type": "aws_iam_role",
      "name": "example_node",
      "provider": "provider.aws",
      "instances": [
        {
          "schema_version": 0,
          "attributes": {
            "arn": "arn:aws:iam::557614677746:role/eks-node-group-example",
            "assume_role_policy": "{\"Version\":\"2012-10-17\",\"Statement\":[{\"Effect\":\"Allow\",\"Principal\":{\"Service\":\"ec2.amazonaws.com\"},\"Action\":\"sts:AssumeRole\"}]}",
            "create_date": "2021-09-06T02:20:19Z",
            "description": "",
            "force_detach_policies": false,
            "id": "eks-node-group-example",
            "max_session_duration": 3600,
            "name": "eks-node-group-example",
            "name_prefix": null,
            "path": "/",
            "permissions_boundary": null,
            "tags": {},
            "unique_id": "AROAYDVDMX3ZLXSJEK4DU"
          },
          "private": "bnVsbA=="
        }
      ]
    },
    {
      "mode": "managed",
      "type": "aws_iam_role_policy_attachment",
      "name": "example-AmazonEC2ContainerRegistryReadOnly",
      "provider": "provider.aws",
      "instances": [
        {
          "schema_version": 0,
          "attributes": {
            "id": "eks-node-group-example-20210906022035246100000001",
            "policy_arn": "arn:aws:iam::aws:policy/AmazonEC2ContainerRegistryReadOnly",
            "role": "eks-node-group-example"
          },
          "private": "bnVsbA==",
          "dependencies": [
            "aws_iam_role.example_node"
          ]
        }
      ]
    },
    {
      "mode": "managed",
      "type": "aws_iam_role_policy_attachment",
      "name": "example-AmazonEKSClusterPolicy",
      "provider": "provider.aws",
      "instances": [
        {
          "schema_version": 0,
          "attributes": {
            "id": "eks-cluster-example-20210906020537230400000001",
            "policy_arn": "arn:aws:iam::aws:policy/AmazonEKSClusterPolicy",
            "role": "eks-cluster-example"
          },
          "private": "bnVsbA==",
          "dependencies": [
            "aws_iam_role.example"
          ]
        }
      ]
    },
    {
      "mode": "managed",
      "type": "aws_iam_role_policy_attachment",
      "name": "example-AmazonEKSVPCResourceController",
      "provider": "provider.aws",
      "instances": [
        {
          "schema_version": 0,
          "attributes": {
            "id": "eks-cluster-example-20210906020537233900000002",
            "policy_arn": "arn:aws:iam::aws:policy/AmazonEKSVPCResourceController",
            "role": "eks-cluster-example"
          },
          "private": "bnVsbA==",
          "dependencies": [
            "aws_iam_role.example"
          ]
        }
      ]
    },
    {
      "mode": "managed",
      "type": "aws_iam_role_policy_attachment",
      "name": "example-AmazonEKSWorkerNodePolicy",
      "provider": "provider.aws",
      "instances": [
        {
          "schema_version": 0,
          "attributes": {
            "id": "eks-node-group-example-20210906022035405800000002",
            "policy_arn": "arn:aws:iam::aws:policy/AmazonEKSWorkerNodePolicy",
            "role": "eks-node-group-example"
          },
          "private": "bnVsbA==",
          "dependencies": [
            "aws_iam_role.example_node"
          ]
        }
      ]
    },
    {
      "mode": "managed",
      "type": "aws_iam_role_policy_attachment",
      "name": "example-AmazonEKS_CNI_Policy",
      "provider": "provider.aws",
      "instances": [
        {
          "schema_version": 0,
          "attributes": {
            "id": "eks-node-group-example-20210906022035428900000003",
            "policy_arn": "arn:aws:iam::aws:policy/AmazonEKS_CNI_Policy",
            "role": "eks-node-group-example"
          },
          "private": "bnVsbA==",
          "dependencies": [
            "aws_iam_role.example_node"
          ]
        }
      ]
    }
  ]
}
